
Microsoft Visual Studio Solution File, Format Version 12.00
# Visual Studio Version 16
VisualStudioVersion = 16.0.31313.79
MinimumVisualStudioVersion = 10.0.40219.1
Project("{FAE04EC0-301F-11D3-BF4B-00C04F79EFBC}") = "Snippit", "Snippit.csproj", "{884D3601-1AE3-432E-B70E-DD1836CFD435}"
EndProject
Global
	GlobalSection(SolutionConfigurationPlatforms) = preSolution
		Debug|Any CPU = Debug|Any CPU
		Release|Any CPU = Release|Any CPU
	EndGlobalSection
	GlobalSection(ProjectConfigurationPlatforms) = postSolution
		{884D3601-1AE3-432E-B70E-DD1836CFD435}.Debug|Any CPU.ActiveCfg = Debug|Any CPU
		{884D3601-1AE3-432E-B70E-DD1836CFD435}.Debug|Any CPU.Build.0 = Debug|Any CPU
		{884D3601-1AE3-432E-B70E-DD1836CFD435}.Release|Any CPU.ActiveCfg = Release|Any CPU
		{884D3601-1AE3-432E-B70E-DD1836CFD435}.Release|Any CPU.Build.0 = Release|Any CPU
	EndGlobalSection
	GlobalSection(SolutionProperties) = preSolution
		HideSolutionNode = FALSE
	EndGlobalSection
	GlobalSection(ExtensibilityGlobals) = postSolution
		SolutionGuid = {6C52FAE1-F694-4C3F-84D3-25E2BB15E834}
	EndGlobalSection
EndGlobal
